// !$*UTF8*$!
{
	archiveVersion = 1;
	classes = {
	};
	objectVersion = 56;
	objects = {

/* Begin PBXBuildFile section */
		A10000000000000000000001 /* Sources/CodexQuotaBar/CodexQuotaBarApp.swift in Sources */ = {isa = PBXBuildFile; fileRef = A20000000000000000000001 /* Sources/CodexQuotaBar/CodexQuotaBarApp.swift */; };
		A10000000000000000000003 /* Sources/CodexQuotaBar/Models/UsageSnapshot.swift in Sources */ = {isa = PBXBuildFile; fileRef = A20000000000000000000003 /* Sources/CodexQuotaBar/Models/UsageSnapshot.swift */; };
		A10000000000000000000004 /* Sources/CodexQuotaBar/Services/UsageStore.swift in Sources */ = {isa = PBXBuildFile; fileRef = A20000000000000000000004 /* Sources/CodexQuotaBar/Services/UsageStore.swift */; };
		A10000000000000000000005 /* Sources/CodexQuotaBar/Services/CodexUsageClient.swift in Sources */ = {isa = PBXBuildFile; fileRef = A20000000000000000000005 /* Sources/CodexQuotaBar/Services/CodexUsageClient.swift */; };
		A10000000000000000000006 /* Sources/CodexQuotaBar/Views/MenuBarStatusLabel.swift in Sources */ = {isa = PBXBuildFile; fileRef = A20000000000000000000006 /* Sources/CodexQuotaBar/Views/MenuBarStatusLabel.swift */; };
		A10000000000000000000007 /* Sources/CodexQuotaBar/Views/QuotaPopover.swift in Sources */ = {isa = PBXBuildFile; fileRef = A20000000000000000000007 /* Sources/CodexQuotaBar/Views/QuotaPopover.swift */; };
		A10000000000000000000008 /* Sources/CodexQuotaBar/Models/ToppingStyle.swift in Sources */ = {isa = PBXBuildFile; fileRef = A20000000000000000000009 /* Sources/CodexQuotaBar/Models/ToppingStyle.swift */; };
		A10000000000000000000009 /* Sources/CodexQuotaBar/Views/CookieView.swift in Sources */ = {isa = PBXBuildFile; fileRef = A20000000000000000000010 /* Sources/CodexQuotaBar/Views/CookieView.swift */; };
		A10000000000000000000010 /* Resources/CodexQuotaBar.icns in Resources */ = {isa = PBXBuildFile; fileRef = A20000000000000000000011 /* Resources/CodexQuotaBar.icns */; };
/* End PBXBuildFile section */

/* Begin PBXFileReference section */
		A20000000000000000000000 /* CodexQuotaBar.app */ = {isa = PBXFileReference; explicitFileType = wrapper.application; includeInIndex = 0; path = CodexQuotaBar.app; sourceTree = BUILT_PRODUCTS_DIR; };
		A20000000000000000000001 /* Sources/CodexQuotaBar/CodexQuotaBarApp.swift */ = {isa = PBXFileReference; lastKnownFileType = sourcecode.swift; path = Sources/CodexQuotaBar/CodexQuotaBarApp.swift; sourceTree = "<group>"; };
		A20000000000000000000003 /* Sources/CodexQuotaBar/Models/UsageSnapshot.swift */ = {isa = PBXFileReference; lastKnownFileType = sourcecode.swift; path = Sources/CodexQuotaBar/Models/UsageSnapshot.swift; sourceTree = "<group>"; };
		A20000000000000000000004 /* Sources/CodexQuotaBar/Services/UsageStore.swift */ = {isa = PBXFileReference; lastKnownFileType = sourcecode.swift; path = Sources/CodexQuotaBar/Services/UsageStore.swift; sourceTree = "<group>"; };
		A20000000000000000000005 /* Sources/CodexQuotaBar/Services/CodexUsageClient.swift */ = {isa = PBXFileReference; lastKnownFileType = sourcecode.swift; path = Sources/CodexQuotaBar/Services/CodexUsageClient.swift; sourceTree = "<group>"; };
		A20000000000000000000006 /* Sources/CodexQuotaBar/Views/MenuBarStatusLabel.swift */ = {isa = PBXFileReference; lastKnownFileType = sourcecode.swift; path = Sources/CodexQuotaBar/Views/MenuBarStatusLabel.swift; sourceTree = "<group>"; };
		A20000000000000000000007 /* Sources/CodexQuotaBar/Views/QuotaPopover.swift */ = {isa = PBXFileReference; lastKnownFileType = sourcecode.swift; path = Sources/CodexQuotaBar/Views/QuotaPopover.swift; sourceTree = "<group>"; };
		A20000000000000000000008 /* App/Info.plist */ = {isa = PBXFileReference; lastKnownFileType = text.plist.xml; path = App/Info.plist; sourceTree = "<group>"; };
		A20000000000000000000009 /* Sources/CodexQuotaBar/Models/ToppingStyle.swift */ = {isa = PBXFileReference; lastKnownFileType = sourcecode.swift; path = Sources/CodexQuotaBar/Models/ToppingStyle.swift; sourceTree = "<group>"; };
		A20000000000000000000010 /* Sources/CodexQuotaBar/Views/CookieView.swift */ = {isa = PBXFileReference; lastKnownFileType = sourcecode.swift; path = Sources/CodexQuotaBar/Views/CookieView.swift; sourceTree = "<group>"; };
		A20000000000000000000011 /* Resources/CodexQuotaBar.icns */ = {isa = PBXFileReference; lastKnownFileType = image.icns; path = Resources/CodexQuotaBar.icns; sourceTree = "<group>"; };
/* End PBXFileReference section */

/* Begin PBXFrameworksBuildPhase section */
		A30000000000000000000001 /* Frameworks */ = {
			isa = PBXFrameworksBuildPhase;
			buildActionMask = 2147483647;
			files = (
			);
			runOnlyForDeploymentPostprocessing = 0;
		};
/* End PBXFrameworksBuildPhase section */

/* Begin PBXGroup section */
		A40000000000000000000001 = {
			isa = PBXGroup;
			children = (
				A40000000000000000000002 /* App */,
				A40000000000000000000003 /*  */,
				A40000000000000000000005 /* Resources */,
				A40000000000000000000004 /* Products */,
			);
			sourceTree = "<group>";
		};
		A40000000000000000000002 /* App */ = {
			isa = PBXGroup;
			children = (
				A20000000000000000000008 /* App/Info.plist */,
			);
			path = App;
			sourceTree = "<group>";
		};
		A40000000000000000000003 /*  */ = {
			isa = PBXGroup;
			children = (
				A20000000000000000000001 /* Sources/CodexQuotaBar/CodexQuotaBarApp.swift */,
				A20000000000000000000009 /* Sources/CodexQuotaBar/Models/ToppingStyle.swift */,
				A20000000000000000000003 /* Sources/CodexQuotaBar/Models/UsageSnapshot.swift */,
				A20000000000000000000004 /* Sources/CodexQuotaBar/Services/UsageStore.swift */,
				A20000000000000000000005 /* Sources/CodexQuotaBar/Services/CodexUsageClient.swift */,
				A20000000000000000000010 /* Sources/CodexQuotaBar/Views/CookieView.swift */,
				A20000000000000000000006 /* Sources/CodexQuotaBar/Views/MenuBarStatusLabel.swift */,
				A20000000000000000000007 /* Sources/CodexQuotaBar/Views/QuotaPopover.swift */,
			);
			name = "";
			sourceTree = "<group>";
		};
		A40000000000000000000004 /* Products */ = {
			isa = PBXGroup;
			children = (
				A20000000000000000000000 /* CodexQuotaBar.app */,
			);
			name = Products;
			sourceTree = "<group>";
		};
		A40000000000000000000005 /* Resources */ = {
			isa = PBXGroup;
			children = (
				A20000000000000000000011 /* Resources/CodexQuotaBar.icns */,
			);
			path = Resources;
			sourceTree = "<group>";
		};
/* End PBXGroup section */

/* Begin PBXNativeTarget section */
		A50000000000000000000001 /* CodexQuotaBar */ = {
			isa = PBXNativeTarget;
			buildConfigurationList = A90000000000000000000003 /* Build configuration list for PBXNativeTarget "CodexQuotaBar" */;
			buildPhases = (
				A70000000000000000000001 /* Sources */,
				A70000000000000000000002 /* Resources */,
				A30000000000000000000001 /* Frameworks */,
			);
			buildRules = (
			);
			dependencies = (
			);
			name = CodexQuotaBar;
			productName = CodexQuotaBar;
			productReference = A20000000000000000000000 /* CodexQuotaBar.app */;
			productType = "com.apple.product-type.application";
		};
/* End PBXNativeTarget section */

/* Begin PBXProject section */
		A60000000000000000000001 /* Project object */ = {
			isa = PBXProject;
			attributes = {
				BuildIndependentTargetsInParallel = 1;
				LastSwiftUpdateCheck = 2660;
				LastUpgradeCheck = 2660;
				TargetAttributes = {
					A50000000000000000000001 = {
						CreatedOnToolsVersion = 26.6;
					};
				};
			};
			buildConfigurationList = A90000000000000000000001 /* Build configuration list for PBXProject "CodexQuotaBar" */;
			compatibilityVersion = "Xcode 14.0";
			developmentRegion = en;
			hasScannedForEncodings = 0;
			knownRegions = (
				en,
				Base,
			);
			mainGroup = A40000000000000000000001;
			productRefGroup = A40000000000000000000004 /* Products */;
			projectDirPath = "";
			projectRoot = "";
			targets = (
				A50000000000000000000001 /* CodexQuotaBar */,
			);
		};
/* End PBXProject section */

/* Begin PBXResourcesBuildPhase section */
		A70000000000000000000002 /* Resources */ = {
			isa = PBXResourcesBuildPhase;
			buildActionMask = 2147483647;
			files = (
				A10000000000000000000010 /* Resources/CodexQuotaBar.icns in Resources */,
			);
			runOnlyForDeploymentPostprocessing = 0;
		};
/* End PBXResourcesBuildPhase section */

/* Begin PBXSourcesBuildPhase section */
		A70000000000000000000001 /* Sources */ = {
			isa = PBXSourcesBuildPhase;
			buildActionMask = 2147483647;
			files = (
				A10000000000000000000001 /* Sources/CodexQuotaBar/CodexQuotaBarApp.swift in Sources */,
				A10000000000000000000003 /* Sources/CodexQuotaBar/Models/UsageSnapshot.swift in Sources */,
				A10000000000000000000008 /* Sources/CodexQuotaBar/Models/ToppingStyle.swift in Sources */,
				A10000000000000000000004 /* Sources/CodexQuotaBar/Services/UsageStore.swift in Sources */,
				A10000000000000000000005 /* Sources/CodexQuotaBar/Services/CodexUsageClient.swift in Sources */,
				A10000000000000000000009 /* Sources/CodexQuotaBar/Views/CookieView.swift in Sources */,
				A10000000000000000000006 /* Sources/CodexQuotaBar/Views/MenuBarStatusLabel.swift in Sources */,
				A10000000000000000000007 /* Sources/CodexQuotaBar/Views/QuotaPopover.swift in Sources */,
			);
			runOnlyForDeploymentPostprocessing = 0;
		};
/* End PBXSourcesBuildPhase section */

/* Begin XCBuildConfiguration section */
		A80000000000000000000001 /* Debug */ = {
			isa = XCBuildConfiguration;
			buildSettings = {
				ALWAYS_SEARCH_USER_PATHS = NO;
				CLANG_ANALYZER_NONNULL = YES;
				CLANG_ANALYZER_NUMBER_OBJECT_CONVERSION = YES_AGGRESSIVE;
				CLANG_CXX_LANGUAGE_STANDARD = "gnu++20";
				CLANG_ENABLE_MODULES = YES;
				CLANG_ENABLE_OBJC_ARC = YES;
				CLANG_ENABLE_OBJC_WEAK = YES;
				CLANG_WARN_BLOCK_CAPTURE_AUTORELEASING = YES;
				CLANG_WARN_BOOL_CONVERSION = YES;
				CLANG_WARN_COMMA = YES;
				CLANG_WARN_CONSTANT_CONVERSION = YES;
				CLANG_WARN_DEPRECATED_OBJC_IMPLEMENTATIONS = YES;
				CLANG_WARN_DIRECT_OBJC_ISA_USAGE = YES_ERROR;
				CLANG_WARN_DOCUMENTATION_COMMENTS = YES;
				CLANG_WARN_EMPTY_BODY = YES;
				CLANG_WARN_ENUM_CONVERSION = YES;
				CLANG_WARN_INFINITE_RECURSION = YES;
				CLANG_WARN_INT_CONVERSION = YES;
				CLANG_WARN_NON_LITERAL_NULL_CONVERSION = YES;
				CLANG_WARN_OBJC_IMPLICIT_RETAIN_SELF = YES;
				CLANG_WARN_OBJC_LITERAL_CONVERSION = YES;
				CLANG_WARN_OBJC_ROOT_CLASS = YES_ERROR;
				CLANG_WARN_QUOTED_INCLUDE_IN_FRAMEWORK_HEADER = YES;
				CLANG_WARN_RANGE_LOOP_ANALYSIS = YES;
				CLANG_WARN_STRICT_PROTOTYPES = YES;
				CLANG_WARN_SUSPICIOUS_MOVE = YES;
				COPY_PHASE_STRIP = NO;
				DEBUG_INFORMATION_FORMAT = dwarf;
				ENABLE_STRICT_OBJC_MSGSEND = YES;
				ENABLE_TESTABILITY = YES;
				GCC_C_LANGUAGE_STANDARD = gnu17;
				GCC_DYNAMIC_NO_PIC = NO;
				GCC_NO_COMMON_BLOCKS = YES;
				GCC_OPTIMIZATION_LEVEL = 0;
				GCC_PREPROCESSOR_DEFINITIONS = (
					"DEBUG=1",
					"$(inherited)",
				);
				GCC_WARN_64_TO_32_BIT_CONVERSION = YES;
				GCC_WARN_ABOUT_RETURN_TYPE = YES_ERROR;
				GCC_WARN_UNDECLARED_SELECTOR = YES;
				GCC_WARN_UNINITIALIZED_AUTOS = YES_AGGRESSIVE;
				GCC_WARN_UNUSED_FUNCTION = YES;
				GCC_WARN_UNUSED_VARIABLE = YES;
				MACOSX_DEPLOYMENT_TARGET = 14.0;
				MTL_ENABLE_DEBUG_INFO = INCLUDE_SOURCE;
				MTL_FAST_MATH = YES;
				ONLY_ACTIVE_ARCH = YES;
				SDKROOT = macosx;
				SWIFT_ACTIVE_COMPILATION_CONDITIONS = DEBUG;
				SWIFT_OPTIMIZATION_LEVEL = "-Onone";
			};
			name = Debug;
		};
		A80000000000000000000002 /* Release */ = {
			isa = XCBuildConfiguration;
			buildSettings = {
				ALWAYS_SEARCH_USER_PATHS = NO;
				CLANG_ANALYZER_NONNULL = YES;
				CLANG_ANALYZER_NUMBER_OBJECT_CONVERSION = YES_AGGRESSIVE;
				CLANG_CXX_LANGUAGE_STANDARD = "gnu++20";
				CLANG_ENABLE_MODULES = YES;
				CLANG_ENABLE_OBJC_ARC = YES;
				CLANG_ENABLE_OBJC_WEAK = YES;
				CLANG_WARN_BLOCK_CAPTURE_AUTORELEASING = YES;
				CLANG_WARN_BOOL_CONVERSION = YES;
				CLANG_WARN_COMMA = YES;
				CLANG_WARN_CONSTANT_CONVERSION = YES;
				CLANG_WARN_DEPRECATED_OBJC_IMPLEMENTATIONS = YES;
				CLANG_WARN_DIRECT_OBJC_ISA_USAGE = YES_ERROR;
				CLANG_WARN_DOCUMENTATION_COMMENTS = YES;
				CLANG_WARN_EMPTY_BODY = YES;
				CLANG_WARN_ENUM_CONVERSION = YES;
				CLANG_WARN_INFINITE_RECURSION = YES;
				CLANG_WARN_INT_CONVERSION = YES;
				CLANG_WARN_NON_LITERAL_NULL_CONVERSION = YES;
				CLANG_WARN_OBJC_IMPLICIT_RETAIN_SELF = YES;
				CLANG_WARN_OBJC_LITERAL_CONVERSION = YES;
				CLANG_WARN_OBJC_ROOT_CLASS = YES_ERROR;
				CLANG_WARN_QUOTED_INCLUDE_IN_FRAMEWORK_HEADER = YES;
				CLANG_WARN_RANGE_LOOP_ANALYSIS = YES;
				CLANG_WARN_STRICT_PROTOTYPES = YES;
				CLANG_WARN_SUSPICIOUS_MOVE = YES;
				COPY_PHASE_STRIP = NO;
				DEBUG_INFORMATION_FORMAT = "dwarf-with-dsym";
				ENABLE_NS_ASSERTIONS = NO;
				ENABLE_STRICT_OBJC_MSGSEND = YES;
				GCC_C_LANGUAGE_STANDARD = gnu17;
				GCC_NO_COMMON_BLOCKS = YES;
				GCC_WARN_64_TO_32_BIT_CONVERSION = YES;
				GCC_WARN_ABOUT_RETURN_TYPE = YES_ERROR;
				GCC_WARN_UNDECLARED_SELECTOR = YES;
				GCC_WARN_UNINITIALIZED_AUTOS = YES_AGGRESSIVE;
				GCC_WARN_UNUSED_FUNCTION = YES;
				GCC_WARN_UNUSED_VARIABLE = YES;
				MACOSX_DEPLOYMENT_TARGET = 14.0;
				MTL_ENABLE_DEBUG_INFO = NO;
				MTL_FAST_MATH = YES;
				SDKROOT = macosx;
				SWIFT_COMPILATION_MODE = wholemodule;
				SWIFT_OPTIMIZATION_LEVEL = "-O";
			};
			name = Release;
		};
		A80000000000000000000003 /* Debug */ = {
			isa = XCBuildConfiguration;
			buildSettings = {
				ASSETCATALOG_COMPILER_APPICON_NAME = "";
				CODE_SIGN_STYLE = Automatic;
				COMBINE_HIDPI_IMAGES = YES;
				CURRENT_PROJECT_VERSION = 1;
				DEVELOPMENT_TEAM = "";
				GENERATE_INFOPLIST_FILE = NO;
				INFOPLIST_FILE = App/Info.plist;
				LD_RUNPATH_SEARCH_PATHS = (
					"$(inherited)",
					"@executable_path/../Frameworks",
				);
				MARKETING_VERSION = 0.1.0;
				PRODUCT_BUNDLE_IDENTIFIER = "local.codex.quota-bar";
				PRODUCT_BUNDLE_PACKAGE_TYPE = APPL;
				PRODUCT_NAME = CodexQuotaBar;
				SWIFT_EMIT_LOC_STRINGS = YES;
				SWIFT_VERSION = 5.0;
			};
			name = Debug;
		};
		A80000000000000000000004 /* Release */ = {
			isa = XCBuildConfiguration;
			buildSettings = {
				ASSETCATALOG_COMPILER_APPICON_NAME = "";
				CODE_SIGN_STYLE = Automatic;
				COMBINE_HIDPI_IMAGES = YES;
				CURRENT_PROJECT_VERSION = 1;
				DEVELOPMENT_TEAM = "";
				GENERATE_INFOPLIST_FILE = NO;
				INFOPLIST_FILE = App/Info.plist;
				LD_RUNPATH_SEARCH_PATHS = (
					"$(inherited)",
					"@executable_path/../Frameworks",
				);
				MARKETING_VERSION = 0.1.0;
				PRODUCT_BUNDLE_IDENTIFIER = "local.codex.quota-bar";
				PRODUCT_BUNDLE_PACKAGE_TYPE = APPL;
				PRODUCT_NAME = CodexQuotaBar;
				SWIFT_EMIT_LOC_STRINGS = YES;
				SWIFT_VERSION = 5.0;
			};
			name = Release;
		};
/* End XCBuildConfiguration section */

/* Begin XCConfigurationList section */
		A90000000000000000000001 /* Build configuration list for PBXProject "CodexQuotaBar" */ = {
			isa = XCConfigurationList;
			buildConfigurations = (
				A80000000000000000000001 /* Debug */,
				A80000000000000000000002 /* Release */,
			);
			defaultConfigurationIsVisible = 0;
			defaultConfigurationName = Release;
		};
		A90000000000000000000003 /* Build configuration list for PBXNativeTarget "CodexQuotaBar" */ = {
			isa = XCConfigurationList;
			buildConfigurations = (
				A80000000000000000000003 /* Debug */,
				A80000000000000000000004 /* Release */,
			);
			defaultConfigurationIsVisible = 0;
			defaultConfigurationName = Release;
		};
/* End XCConfigurationList section */
	};
	rootObject = A60000000000000000000001 /* Project object */;
}
